<?xml version="1.0" encoding="utf-8"?>
<Project ToolsVersion="4.0" xmlns="http://schemas.microsoft.com/developer/msbuild/2003">
  <ItemGroup>
    <Filter Include="소스 파일">
      <UniqueIdentifier>{4FC737F1-C7A5-4376-A066-2A32D752A2FF}</UniqueIdentifier>
      <Extensions>cpp;c;cc;cxx;c++;cppm;ixx;def;odl;idl;hpj;bat;asm;asmx</Extensions>
    </Filter>
    <Filter Include="헤더 파일">
      <UniqueIdentifier>{93995380-89BD-4b04-88EB-625FBE52EBFB}</UniqueIdentifier>
      <Extensions>h;hh;hpp;hxx;h++;hm;inl;inc;ipp;xsd</Extensions>
    </Filter>
    <Filter Include="리소스 파일">
      <UniqueIdentifier>{67DA6AB6-F800-4c08-8B7A-83BB121AAD01}</UniqueIdentifier>
      <Extensions>rc;ico;cur;bmp;dlg;rc2;rct;bin;rgs;gif;jpg;jpeg;jpe;resx;tiff;tif;png;wav;mfcribbon-ms</Extensions>
    </Filter>
    <Filter Include="리소스 파일\Shader">
      <UniqueIdentifier>{74a5be11-9fe6-4cee-9765-c25f442c85f1}</UniqueIdentifier>
    </Filter>
    <Filter Include="Doc">
      <UniqueIdentifier>{be20421e-99b0-4585-a703-095763e15cea}</UniqueIdentifier>
    </Filter>
    <Filter Include="소스 파일\imgui">
      <UniqueIdentifier>{454f87d0-a88b-49e6-811a-5755a2038890}</UniqueIdentifier>
    </Filter>
    <Filter Include="헤더 파일\imgui">
      <UniqueIdentifier>{beabefaf-8ba8-4987-91ca-3ef4f2109662}</UniqueIdentifier>
    </Filter>
  </ItemGroup>
  <ItemGroup>
    <ClCompile Include="src\main.cpp">
      <Filter>소스 파일</Filter>
    </ClCompile>
    <ClCompile Include="src\glad.c">
      <Filter>소스 파일</Filter>
    </ClCompile>
    <ClCompile Include="src\Engine.cpp">
      <Filter>소스 파일</Filter>
    </ClCompile>
    <ClCompile Include="src\Logger.cpp">
      <Filter>소스 파일</Filter>
    </ClCompile>
    <ClCompile Include="src\Renderer.cpp">
      <Filter>소스 파일</Filter>
    </ClCompile>
    <ClCompile Include="src\Component.cpp">
      <Filter>소스 파일</Filter>
    </ClCompile>
    <ClCompile Include="src\Object.cpp">
      <Filter>소스 파일</Filter>
    </ClCompile>
    <ClCompile Include="src\Model.cpp">
      <Filter>소스 파일</Filter>
    </ClCompile>
    <ClCompile Include="src\Camera.cpp">
      <Filter>소스 파일</Filter>
    </ClCompile>
    <ClCompile Include="src\Parameter.cpp">
      <Filter>소스 파일</Filter>
    </ClCompile>
    <ClCompile Include="src\imgui\imgui.cpp">
      <Filter>소스 파일\imgui</Filter>
    </ClCompile>
    <ClCompile Include="src\imgui\imgui_demo.cpp">
      <Filter>소스 파일\imgui</Filter>
    </ClCompile>
    <ClCompile Include="src\imgui\imgui_draw.cpp">
      <Filter>소스 파일\imgui</Filter>
    </ClCompile>
    <ClCompile Include="src\imgui\imgui_impl_glfw.cpp">
      <Filter>소스 파일\imgui</Filter>
    </ClCompile>
    <ClCompile Include="src\imgui\imgui_impl_opengl3.cpp">
      <Filter>소스 파일\imgui</Filter>
    </ClCompile>
    <ClCompile Include="src\imgui\imgui_tables.cpp">
      <Filter>소스 파일\imgui</Filter>
    </ClCompile>
    <ClCompile Include="src\imgui\imgui_widgets.cpp">
      <Filter>소스 파일\imgui</Filter>
    </ClCompile>
  </ItemGroup>
  <ItemGroup>
    <ClInclude Include="includes\Engine.h">
      <Filter>헤더 파일</Filter>
    </ClInclude>
    <ClInclude Include="includes\glm_pre.h">
      <Filter>헤더 파일</Filter>
    </ClInclude>
    <ClInclude Include="includes\Logger.h">
      <Filter>헤더 파일</Filter>
    </ClInclude>
    <ClInclude Include="includes\Renderer.h">
      <Filter>헤더 파일</Filter>
    </ClInclude>
    <ClInclude Include="includes\Component.h">
      <Filter>헤더 파일</Filter>
    </ClInclude>
    <ClInclude Include="includes\Object.h">
      <Filter>헤더 파일</Filter>
    </ClInclude>
    <ClInclude Include="includes\stb_image.h">
      <Filter>헤더 파일</Filter>
    </ClInclude>
    <ClInclude Include="includes\Mesh.hpp">
      <Filter>헤더 파일</Filter>
    </ClInclude>
    <ClInclude Include="includes\Shader.hpp">
      <Filter>헤더 파일</Filter>
    </ClInclude>
    <ClInclude Include="includes\Texture.hpp">
      <Filter>헤더 파일</Filter>
    </ClInclude>
    <ClInclude Include="includes\Model.hpp">
      <Filter>헤더 파일</Filter>
    </ClInclude>
    <ClInclude Include="includes\Camera.h">
      <Filter>헤더 파일</Filter>
    </ClInclude>
    <ClInclude Include="includes\Parameter.h">
      <Filter>헤더 파일</Filter>
    </ClInclude>
    <ClInclude Include="includes\imgui\imconfig.h">
      <Filter>헤더 파일\imgui</Filter>
    </ClInclude>
    <ClInclude Include="includes\imgui\imgui.h">
      <Filter>헤더 파일\imgui</Filter>
    </ClInclude>
    <ClInclude Include="includes\imgui\imgui_impl_glfw.h">
      <Filter>헤더 파일\imgui</Filter>
    </ClInclude>
    <ClInclude Include="includes\imgui\imgui_impl_opengl3.h">
      <Filter>헤더 파일\imgui</Filter>
    </ClInclude>
    <ClInclude Include="includes\imgui\imgui_impl_opengl3_loader.h">
      <Filter>헤더 파일\imgui</Filter>
    </ClInclude>
    <ClInclude Include="includes\imgui\imgui_internal.h">
      <Filter>헤더 파일\imgui</Filter>
    </ClInclude>
    <ClInclude Include="includes\imgui\imstb_rectpack.h">
      <Filter>헤더 파일\imgui</Filter>
    </ClInclude>
    <ClInclude Include="includes\imgui\imstb_textedit.h">
      <Filter>헤더 파일\imgui</Filter>
    </ClInclude>
    <ClInclude Include="includes\imgui\imstb_truetype.h">
      <Filter>헤더 파일\imgui</Filter>
    </ClInclude>
    <ClInclude Include="includes\GUI.h">
      <Filter>헤더 파일</Filter>
    </ClInclude>
    <ClInclude Include="includes\util.h">
      <Filter>헤더 파일</Filter>
    </ClInclude>
  </ItemGroup>
  <ItemGroup>
    <None Include="shader\default.vs">
      <Filter>리소스 파일\Shader</Filter>
    </None>
    <None Include="shader\default.fs">
      <Filter>리소스 파일\Shader</Filter>
    </None>
    <None Include="shader\terrain.vs">
      <Filter>리소스 파일\Shader</Filter>
    </None>
    <None Include="shader\terrain.fs">
      <Filter>리소스 파일\Shader</Filter>
    </None>
    <None Include="shader\terrain.tcs">
      <Filter>리소스 파일\Shader</Filter>
    </None>
    <None Include="shader\terrain.tes">
      <Filter>리소스 파일\Shader</Filter>
    </None>
    <None Include="shader\grass.tes">
      <Filter>리소스 파일\Shader</Filter>
    </None>
    <None Include="shader\grass.gs">
      <Filter>리소스 파일\Shader</Filter>
    </None>
    <None Include="shader\grass.fs">
      <Filter>리소스 파일\Shader</Filter>
    </None>
    <None Include="shader\grass.tcs">
      <Filter>리소스 파일\Shader</Filter>
    </None>
    <None Include="shader\grass.vs">
      <Filter>리소스 파일\Shader</Filter>
    </None>
    <None Include="Doc\TODO.md">
      <Filter>Doc</Filter>
    </None>
    <None Include="shader\water.vs">
      <Filter>리소스 파일\Shader</Filter>
    </None>
    <None Include="shader\water.fs">
      <Filter>리소스 파일\Shader</Filter>
    </None>
  </ItemGroup>
</Project>